
Microsoft Visual Studio Solution File, Format Version 12.00
# Visual Studio Version 17
VisualStudioVersion = 17.3.32825.248
MinimumVisualStudioVersion = 10.0.40219.1
Project("{FAE04EC0-301F-11D3-BF4B-00C04F79EFBC}") = "You furniture", "You furniture\You furniture.csproj", "{69539C6F-66BD-4CCA-8D25-92237018FDC7}"
EndProject
Global
	GlobalSection(SolutionConfigurationPlatforms) = preSolution
		Debug|Any CPU = Debug|Any CPU
		Release|Any CPU = Release|Any CPU
	EndGlobalSection
	GlobalSection(ProjectConfigurationPlatforms) = postSolution
		{69539C6F-66BD-4CCA-8D25-92237018FDC7}.Debug|Any CPU.ActiveCfg = Debug|Any CPU
		{69539C6F-66BD-4CCA-8D25-92237018FDC7}.Debug|Any CPU.Build.0 = Debug|Any CPU
		{69539C6F-66BD-4CCA-8D25-92237018FDC7}.Release|Any CPU.ActiveCfg = Release|Any CPU
		{69539C6F-66BD-4CCA-8D25-92237018FDC7}.Release|Any CPU.Build.0 = Release|Any CPU
	EndGlobalSection
	GlobalSection(SolutionProperties) = preSolution
		HideSolutionNode = FALSE
	EndGlobalSection
	GlobalSection(ExtensibilityGlobals) = postSolution
		SolutionGuid = {46AADCB8-2A57-4D2E-9503-6D651E4DEBF3}
	EndGlobalSection
EndGlobal
